
Microsoft Visual Studio Solution File, Format Version 12.00
# Visual Studio Version 17
VisualStudioVersion = 17.13.35825.156 d17.13
MinimumVisualStudioVersion = 10.0.40219.1
Project("{FAE04EC0-301F-11D3-BF4B-00C04F79EFBC}") = "modul5_2211104005", "modul5_2211104005\modul5_2211104005.csproj", "{2F928FA5-D4FB-4F1B-922E-366FE8D1EEC9}"
EndProject
Global
	GlobalSection(SolutionConfigurationPlatforms) = preSolution
		Debug|Any CPU = Debug|Any CPU
		Release|Any CPU = Release|Any CPU
	EndGlobalSection
	GlobalSection(ProjectConfigurationPlatforms) = postSolution
		{2F928FA5-D4FB-4F1B-922E-366FE8D1EEC9}.Debug|Any CPU.ActiveCfg = Debug|Any CPU
		{2F928FA5-D4FB-4F1B-922E-366FE8D1EEC9}.Debug|Any CPU.Build.0 = Debug|Any CPU
		{2F928FA5-D4FB-4F1B-922E-366FE8D1EEC9}.Release|Any CPU.ActiveCfg = Release|Any CPU
		{2F928FA5-D4FB-4F1B-922E-366FE8D1EEC9}.Release|Any CPU.Build.0 = Release|Any CPU
	EndGlobalSection
	GlobalSection(SolutionProperties) = preSolution
		HideSolutionNode = FALSE
	EndGlobalSection
	GlobalSection(ExtensibilityGlobals) = postSolution
		SolutionGuid = {B2CF2170-9997-4503-895C-DBDCB6BE8E6A}
	EndGlobalSection
EndGlobal
